// !$*UTF8*$!
{
	archiveVersion = 1;
	classes = {
	};
	objectVersion = 51;
	objects = {

/* Begin PBXBuildFile section */
		0D6FAC432472C7A300C94214 /* ContractInteractor.swift in Sources */ = {isa = PBXBuildFile; fileRef = 0D6FAC422472C7A300C94214 /* ContractInteractor.swift */; };
		0DBB2A0F24759AA70037C046 /* ABIType.swift in Sources */ = {isa = PBXBuildFile; fileRef = 0DBB2A0E24759AA60037C046 /* ABIType.swift */; };
		0DBB2A1124759ACF0037C046 /* ABIDecoder.swift in Sources */ = {isa = PBXBuildFile; fileRef = 0DBB2A1024759ACF0037C046 /* ABIDecoder.swift */; };
		2C72C1BF2466E4BD00A8AC47 /* EnterKeyViewController.swift in Sources */ = {isa = PBXBuildFile; fileRef = 2C72C1BE2466E4BD00A8AC47 /* EnterKeyViewController.swift */; };
		2C72C1C32467345100A8AC47 /* EnterKahootViewController.swift in Sources */ = {isa = PBXBuildFile; fileRef = 2C72C1C22467345100A8AC47 /* EnterKahootViewController.swift */; };
		2C72C1C5246734A900A8AC47 /* CreateSpaceViewController.swift in Sources */ = {isa = PBXBuildFile; fileRef = 2C72C1C4246734A900A8AC47 /* CreateSpaceViewController.swift */; };
		2C72C1C7246734CA00A8AC47 /* JoinSpaceViewController.swift in Sources */ = {isa = PBXBuildFile; fileRef = 2C72C1C6246734CA00A8AC47 /* JoinSpaceViewController.swift */; };
		2C72C1C9246735D100A8AC47 /* SpaceViewController.swift in Sources */ = {isa = PBXBuildFile; fileRef = 2C72C1C8246735D100A8AC47 /* SpaceViewController.swift */; };
		2C72C1CD2467370D00A8AC47 /* Ethereum.swift in Sources */ = {isa = PBXBuildFile; fileRef = 2C72C1CC2467370D00A8AC47 /* Ethereum.swift */; };
		2C72C1D024673A6C00A8AC47 /* NetworkService.swift in Sources */ = {isa = PBXBuildFile; fileRef = 2C72C1CF24673A6C00A8AC47 /* NetworkService.swift */; };
		2C72C1D22467431600A8AC47 /* UIViewController.swift in Sources */ = {isa = PBXBuildFile; fileRef = 2C72C1D12467431600A8AC47 /* UIViewController.swift */; };
		2C72C1D52467436600A8AC47 /* UIView.swift in Sources */ = {isa = PBXBuildFile; fileRef = 2C72C1D42467436600A8AC47 /* UIView.swift */; };
		2C72C1D72467438500A8AC47 /* UICollectionView.swift in Sources */ = {isa = PBXBuildFile; fileRef = 2C72C1D62467438500A8AC47 /* UICollectionView.swift */; };
		2C72C1D92467439C00A8AC47 /* UITableView.swift in Sources */ = {isa = PBXBuildFile; fileRef = 2C72C1D82467439C00A8AC47 /* UITableView.swift */; };
		2C72C1DB246743E300A8AC47 /* Images.swift in Sources */ = {isa = PBXBuildFile; fileRef = 2C72C1DA246743E300A8AC47 /* Images.swift */; };
		2C72C1DE2467445A00A8AC47 /* ButtonWithExtendedArea.swift in Sources */ = {isa = PBXBuildFile; fileRef = 2C72C1DD2467445A00A8AC47 /* ButtonWithExtendedArea.swift */; };
		2C72C1E02467448F00A8AC47 /* MessageView.swift in Sources */ = {isa = PBXBuildFile; fileRef = 2C72C1DF2467448F00A8AC47 /* MessageView.swift */; };
		2C72C1E4246744B100A8AC47 /* MessageView.xib in Resources */ = {isa = PBXBuildFile; fileRef = 2C72C1E2246744B100A8AC47 /* MessageView.xib */; };
		2CA0E46A2470513700D1BB52 /* Defaults.swift in Sources */ = {isa = PBXBuildFile; fileRef = 2CA0E4692470513700D1BB52 /* Defaults.swift */; };
		2CAAB1922479ABB000C297B8 /* EnterNameViewController.swift in Sources */ = {isa = PBXBuildFile; fileRef = 2CAAB1912479ABB000C297B8 /* EnterNameViewController.swift */; };
		2CAAB1942479E37200C297B8 /* UIButton.swift in Sources */ = {isa = PBXBuildFile; fileRef = 2CAAB1932479E37200C297B8 /* UIButton.swift */; };
		2CAAB198247ABE2700C297B8 /* GameViewController.swift in Sources */ = {isa = PBXBuildFile; fileRef = 2CAAB197247ABE2700C297B8 /* GameViewController.swift */; };
		2CAAB19A247AC5FF00C297B8 /* WebKit.framework in Frameworks */ = {isa = PBXBuildFile; fileRef = 2CAAB199247AC5FF00C297B8 /* WebKit.framework */; };
		2CBABC72B6B5D0E832F83B42 /* Pods_cryptospace.framework in Frameworks */ = {isa = PBXBuildFile; fileRef = BB683D097DC8022B02CA6E96 /* Pods_cryptospace.framework */; };
		2CD9178C244B16D100DB055C /* AppDelegate.swift in Sources */ = {isa = PBXBuildFile; fileRef = 2CD9178B244B16D100DB055C /* AppDelegate.swift */; };
		2CD9178E244B16D100DB055C /* SceneDelegate.swift in Sources */ = {isa = PBXBuildFile; fileRef = 2CD9178D244B16D100DB055C /* SceneDelegate.swift */; };
		2CD91793244B16D100DB055C /* Main.storyboard in Resources */ = {isa = PBXBuildFile; fileRef = 2CD91791244B16D100DB055C /* Main.storyboard */; };
		2CD91795244B16D300DB055C /* Assets.xcassets in Resources */ = {isa = PBXBuildFile; fileRef = 2CD91794244B16D300DB055C /* Assets.xcassets */; };
		2CD91798244B16D300DB055C /* LaunchScreen.storyboard in Resources */ = {isa = PBXBuildFile; fileRef = 2CD91796244B16D300DB055C /* LaunchScreen.storyboard */; };
/* End PBXBuildFile section */

/* Begin PBXFileReference section */
		0D6FAC422472C7A300C94214 /* ContractInteractor.swift */ = {isa = PBXFileReference; lastKnownFileType = sourcecode.swift; path = ContractInteractor.swift; sourceTree = "<group>"; };
		0DBB2A0E24759AA60037C046 /* ABIType.swift */ = {isa = PBXFileReference; lastKnownFileType = sourcecode.swift; path = ABIType.swift; sourceTree = "<group>"; };
		0DBB2A1024759ACF0037C046 /* ABIDecoder.swift */ = {isa = PBXFileReference; lastKnownFileType = sourcecode.swift; path = ABIDecoder.swift; sourceTree = "<group>"; };
		2C72C1BE2466E4BD00A8AC47 /* EnterKeyViewController.swift */ = {isa = PBXFileReference; lastKnownFileType = sourcecode.swift; path = EnterKeyViewController.swift; sourceTree = "<group>"; };
		2C72C1C22467345100A8AC47 /* EnterKahootViewController.swift */ = {isa = PBXFileReference; lastKnownFileType = sourcecode.swift; path = EnterKahootViewController.swift; sourceTree = "<group>"; };
		2C72C1C4246734A900A8AC47 /* CreateSpaceViewController.swift */ = {isa = PBXFileReference; lastKnownFileType = sourcecode.swift; path = CreateSpaceViewController.swift; sourceTree = "<group>"; };
		2C72C1C6246734CA00A8AC47 /* JoinSpaceViewController.swift */ = {isa = PBXFileReference; lastKnownFileType = sourcecode.swift; path = JoinSpaceViewController.swift; sourceTree = "<group>"; };
		2C72C1C8246735D100A8AC47 /* SpaceViewController.swift */ = {isa = PBXFileReference; lastKnownFileType = sourcecode.swift; path = SpaceViewController.swift; sourceTree = "<group>"; };
		2C72C1CC2467370D00A8AC47 /* Ethereum.swift */ = {isa = PBXFileReference; lastKnownFileType = sourcecode.swift; path = Ethereum.swift; sourceTree = "<group>"; };
		2C72C1CF24673A6C00A8AC47 /* NetworkService.swift */ = {isa = PBXFileReference; lastKnownFileType = sourcecode.swift; path = NetworkService.swift; sourceTree = "<group>"; };
		2C72C1D12467431600A8AC47 /* UIViewController.swift */ = {isa = PBXFileReference; lastKnownFileType = sourcecode.swift; path = UIViewController.swift; sourceTree = "<group>"; };
		2C72C1D42467436600A8AC47 /* UIView.swift */ = {isa = PBXFileReference; lastKnownFileType = sourcecode.swift; path = UIView.swift; sourceTree = "<group>"; };
		2C72C1D62467438500A8AC47 /* UICollectionView.swift */ = {isa = PBXFileReference; lastKnownFileType = sourcecode.swift; path = UICollectionView.swift; sourceTree = "<group>"; };
		2C72C1D82467439C00A8AC47 /* UITableView.swift */ = {isa = PBXFileReference; lastKnownFileType = sourcecode.swift; path = UITableView.swift; sourceTree = "<group>"; };
		2C72C1DA246743E300A8AC47 /* Images.swift */ = {isa = PBXFileReference; lastKnownFileType = sourcecode.swift; path = Images.swift; sourceTree = "<group>"; };
		2C72C1DD2467445A00A8AC47 /* ButtonWithExtendedArea.swift */ = {isa = PBXFileReference; lastKnownFileType = sourcecode.swift; path = ButtonWithExtendedArea.swift; sourceTree = "<group>"; };
		2C72C1DF2467448F00A8AC47 /* MessageView.swift */ = {isa = PBXFileReference; lastKnownFileType = sourcecode.swift; path = MessageView.swift; sourceTree = "<group>"; };
		2C72C1E2246744B100A8AC47 /* MessageView.xib */ = {isa = PBXFileReference; fileEncoding = 4; lastKnownFileType = file.xib; path = MessageView.xib; sourceTree = "<group>"; };
		2CA0E4692470513700D1BB52 /* Defaults.swift */ = {isa = PBXFileReference; lastKnownFileType = sourcecode.swift; path = Defaults.swift; sourceTree = "<group>"; };
		2CAAB1912479ABB000C297B8 /* EnterNameViewController.swift */ = {isa = PBXFileReference; lastKnownFileType = sourcecode.swift; path = EnterNameViewController.swift; sourceTree = "<group>"; };
		2CAAB1932479E37200C297B8 /* UIButton.swift */ = {isa = PBXFileReference; lastKnownFileType = sourcecode.swift; path = UIButton.swift; sourceTree = "<group>"; };
		2CAAB197247ABE2700C297B8 /* GameViewController.swift */ = {isa = PBXFileReference; lastKnownFileType = sourcecode.swift; path = GameViewController.swift; sourceTree = "<group>"; };
		2CAAB199247AC5FF00C297B8 /* WebKit.framework */ = {isa = PBXFileReference; lastKnownFileType = wrapper.framework; name = WebKit.framework; path = System/Library/Frameworks/WebKit.framework; sourceTree = SDKROOT; };
		2CD91788244B16D100DB055C /* cryptospace.app */ = {isa = PBXFileReference; explicitFileType = wrapper.application; includeInIndex = 0; path = cryptospace.app; sourceTree = BUILT_PRODUCTS_DIR; };
		2CD9178B244B16D100DB055C /* AppDelegate.swift */ = {isa = PBXFileReference; lastKnownFileType = sourcecode.swift; path = AppDelegate.swift; sourceTree = "<group>"; };
		2CD9178D244B16D100DB055C /* SceneDelegate.swift */ = {isa = PBXFileReference; lastKnownFileType = sourcecode.swift; path = SceneDelegate.swift; sourceTree = "<group>"; };
		2CD91792244B16D100DB055C /* Base */ = {isa = PBXFileReference; lastKnownFileType = file.storyboard; name = Base; path = Base.lproj/Main.storyboard; sourceTree = "<group>"; };
		2CD91794244B16D300DB055C /* Assets.xcassets */ = {isa = PBXFileReference; lastKnownFileType = folder.assetcatalog; path = Assets.xcassets; sourceTree = "<group>"; };
		2CD91797244B16D300DB055C /* Base */ = {isa = PBXFileReference; lastKnownFileType = file.storyboard; name = Base; path = Base.lproj/LaunchScreen.storyboard; sourceTree = "<group>"; };
		2CD91799244B16D300DB055C /* Info.plist */ = {isa = PBXFileReference; lastKnownFileType = text.plist.xml; path = Info.plist; sourceTree = "<group>"; };
		ABF70F56E9982EC763E145CB /* Pods-cryptospace.release.xcconfig */ = {isa = PBXFileReference; includeInIndex = 1; lastKnownFileType = text.xcconfig; name = "Pods-cryptospace.release.xcconfig"; path = "Target Support Files/Pods-cryptospace/Pods-cryptospace.release.xcconfig"; sourceTree = "<group>"; };
		B81400D8FD20AD52F8C50F6C /* Pods-cryptospace.debug.xcconfig */ = {isa = PBXFileReference; includeInIndex = 1; lastKnownFileType = text.xcconfig; name = "Pods-cryptospace.debug.xcconfig"; path = "Target Support Files/Pods-cryptospace/Pods-cryptospace.debug.xcconfig"; sourceTree = "<group>"; };
		BB683D097DC8022B02CA6E96 /* Pods_cryptospace.framework */ = {isa = PBXFileReference; explicitFileType = wrapper.framework; includeInIndex = 0; path = Pods_cryptospace.framework; sourceTree = BUILT_PRODUCTS_DIR; };
/* End PBXFileReference section */

/* Begin PBXFrameworksBuildPhase section */
		2CD91785244B16D100DB055C /* Frameworks */ = {
			isa = PBXFrameworksBuildPhase;
			buildActionMask = 2147483647;
			files = (
				2CAAB19A247AC5FF00C297B8 /* WebKit.framework in Frameworks */,
				2CBABC72B6B5D0E832F83B42 /* Pods_cryptospace.framework in Frameworks */,
			);
			runOnlyForDeploymentPostprocessing = 0;
		};
/* End PBXFrameworksBuildPhase section */

/* Begin PBXGroup section */
		2C72C1CA246735ED00A8AC47 /* Screens */ = {
			isa = PBXGroup;
			children = (
				2C72C1BE2466E4BD00A8AC47 /* EnterKeyViewController.swift */,
				2CAAB1912479ABB000C297B8 /* EnterNameViewController.swift */,
				2C72C1C22467345100A8AC47 /* EnterKahootViewController.swift */,
				2C72C1C4246734A900A8AC47 /* CreateSpaceViewController.swift */,
				2C72C1C6246734CA00A8AC47 /* JoinSpaceViewController.swift */,
				2C72C1C8246735D100A8AC47 /* SpaceViewController.swift */,
				2CAAB197247ABE2700C297B8 /* GameViewController.swift */,
			);
			path = Screens;
			sourceTree = "<group>";
		};
		2C72C1CE2467371400A8AC47 /* Services */ = {
			isa = PBXGroup;
			children = (
				2C72C1CC2467370D00A8AC47 /* Ethereum.swift */,
				2CA0E4692470513700D1BB52 /* Defaults.swift */,
				2C72C1CF24673A6C00A8AC47 /* NetworkService.swift */,
			);
			path = Services;
			sourceTree = "<group>";
		};
		2C72C1D32467432000A8AC47 /* Utilities */ = {
			isa = PBXGroup;
			children = (
				0D6FAC422472C7A300C94214 /* ContractInteractor.swift */,
				2C72C1D12467431600A8AC47 /* UIViewController.swift */,
				2C72C1DD2467445A00A8AC47 /* ButtonWithExtendedArea.swift */,
				2C72C1DF2467448F00A8AC47 /* MessageView.swift */,
				2C72C1E2246744B100A8AC47 /* MessageView.xib */,
				2C72C1D62467438500A8AC47 /* UICollectionView.swift */,
				2C72C1D82467439C00A8AC47 /* UITableView.swift */,
				2C72C1D42467436600A8AC47 /* UIView.swift */,
				2CAAB1932479E37200C297B8 /* UIButton.swift */,
				0DBB2A0E24759AA60037C046 /* ABIType.swift */,
				0DBB2A1024759ACF0037C046 /* ABIDecoder.swift */,
			);
			path = Utilities;
			sourceTree = "<group>";
		};
		2C72C1DC246743F100A8AC47 /* Content */ = {
			isa = PBXGroup;
			children = (
				2C72C1DA246743E300A8AC47 /* Images.swift */,
			);
			path = Content;
			sourceTree = "<group>";
		};
		2CD9177F244B16D100DB055C = {
			isa = PBXGroup;
			children = (
				2CD9178A244B16D100DB055C /* cryptospace */,
				2CD91789244B16D100DB055C /* Products */,
				3CAB72671A2D745353936B56 /* Pods */,
				91AAD65981A764569199B0CB /* Frameworks */,
			);
			sourceTree = "<group>";
		};
		2CD91789244B16D100DB055C /* Products */ = {
			isa = PBXGroup;
			children = (
				2CD91788244B16D100DB055C /* cryptospace.app */,
			);
			name = Products;
			sourceTree = "<group>";
		};
		2CD9178A244B16D100DB055C /* cryptospace */ = {
			isa = PBXGroup;
			children = (
				2C72C1CA246735ED00A8AC47 /* Screens */,
				2C72C1CE2467371400A8AC47 /* Services */,
				2C72C1D32467432000A8AC47 /* Utilities */,
				2C72C1DC246743F100A8AC47 /* Content */,
				2CD91791244B16D100DB055C /* Main.storyboard */,
				2CD9178B244B16D100DB055C /* AppDelegate.swift */,
				2CD9178D244B16D100DB055C /* SceneDelegate.swift */,
				2CD91796244B16D300DB055C /* LaunchScreen.storyboard */,
				2CD91794244B16D300DB055C /* Assets.xcassets */,
				2CD91799244B16D300DB055C /* Info.plist */,
			);
			path = cryptospace;
			sourceTree = "<group>";
		};
		3CAB72671A2D745353936B56 /* Pods */ = {
			isa = PBXGroup;
			children = (
				B81400D8FD20AD52F8C50F6C /* Pods-cryptospace.debug.xcconfig */,
				ABF70F56E9982EC763E145CB /* Pods-cryptospace.release.xcconfig */,
			);
			path = Pods;
			sourceTree = "<group>";
		};
		91AAD65981A764569199B0CB /* Frameworks */ = {
			isa = PBXGroup;
			children = (
				2CAAB199247AC5FF00C297B8 /* WebKit.framework */,
				BB683D097DC8022B02CA6E96 /* Pods_cryptospace.framework */,
			);
			name = Frameworks;
			sourceTree = "<group>";
		};
/* End PBXGroup section */

/* Begin PBXNativeTarget section */
		2CD91787244B16D100DB055C /* cryptospace */ = {
			isa = PBXNativeTarget;
			buildConfigurationList = 2CD9179C244B16D300DB055C /* Build configuration list for PBXNativeTarget "cryptospace" */;
			buildPhases = (
				A74BBA85787027769D420885 /* [CP] Check Pods Manifest.lock */,
				2CD91784244B16D100DB055C /* Sources */,
				2CD91785244B16D100DB055C /* Frameworks */,
				2CD91786244B16D100DB055C /* Resources */,
				1035ADA9E2C541D71E20195E /* [CP] Embed Pods Frameworks */,
			);
			buildRules = (
			);
			dependencies = (
			);
			name = cryptospace;
			productName = cryptospace;
			productReference = 2CD91788244B16D100DB055C /* cryptospace.app */;
			productType = "com.apple.product-type.application";
		};
/* End PBXNativeTarget section */

/* Begin PBXProject section */
		2CD91780244B16D100DB055C /* Project object */ = {
			isa = PBXProject;
			attributes = {
				LastSwiftUpdateCheck = 1140;
				LastUpgradeCheck = 1140;
				ORGANIZATIONNAME = "Ivan Grachev";
				TargetAttributes = {
					2CD91787244B16D100DB055C = {
						CreatedOnToolsVersion = 11.4.1;
					};
				};
			};
			buildConfigurationList = 2CD91783244B16D100DB055C /* Build configuration list for PBXProject "cryptospace" */;
			compatibilityVersion = "Xcode 9.3";
			developmentRegion = en;
			hasScannedForEncodings = 0;
			knownRegions = (
				en,
				Base,
			);
			mainGroup = 2CD9177F244B16D100DB055C;
			productRefGroup = 2CD91789244B16D100DB055C /* Products */;
			projectDirPath = "";
			projectRoot = "";
			targets = (
				2CD91787244B16D100DB055C /* cryptospace */,
			);
		};
/* End PBXProject section */

/* Begin PBXResourcesBuildPhase section */
		2CD91786244B16D100DB055C /* Resources */ = {
			isa = PBXResourcesBuildPhase;
			buildActionMask = 2147483647;
			files = (
				2CD91798244B16D300DB055C /* LaunchScreen.storyboard in Resources */,
				2C72C1E4246744B100A8AC47 /* MessageView.xib in Resources */,
				2CD91795244B16D300DB055C /* Assets.xcassets in Resources */,
				2CD91793244B16D100DB055C /* Main.storyboard in Resources */,
			);
			runOnlyForDeploymentPostprocessing = 0;
		};
/* End PBXResourcesBuildPhase section */

/* Begin PBXShellScriptBuildPhase section */
		1035ADA9E2C541D71E20195E /* [CP] Embed Pods Frameworks */ = {
			isa = PBXShellScriptBuildPhase;
			buildActionMask = 2147483647;
			files = (
			);
			inputFileListPaths = (
				"${PODS_ROOT}/Target Support Files/Pods-cryptospace/Pods-cryptospace-frameworks-${CONFIGURATION}-input-files.xcfilelist",
			);
			name = "[CP] Embed Pods Frameworks";
			outputFileListPaths = (
				"${PODS_ROOT}/Target Support Files/Pods-cryptospace/Pods-cryptospace-frameworks-${CONFIGURATION}-output-files.xcfilelist",
			);
			runOnlyForDeploymentPostprocessing = 0;
			shellPath = /bin/sh;
			shellScript = "\"${PODS_ROOT}/Target Support Files/Pods-cryptospace/Pods-cryptospace-frameworks.sh\"\n";
			showEnvVarsInLog = 0;
		};
		A74BBA85787027769D420885 /* [CP] Check Pods Manifest.lock */ = {
			isa = PBXShellScriptBuildPhase;
			buildActionMask = 2147483647;
			files = (
			);
			inputFileListPaths = (
			);
			inputPaths = (
				"${PODS_PODFILE_DIR_PATH}/Podfile.lock",
				"${PODS_ROOT}/Manifest.lock",
			);
			name = "[CP] Check Pods Manifest.lock";
			outputFileListPaths = (
			);
			outputPaths = (
				"$(DERIVED_FILE_DIR)/Pods-cryptospace-checkManifestLockResult.txt",
			);
			runOnlyForDeploymentPostprocessing = 0;
			shellPath = /bin/sh;
			shellScript = "diff \"${PODS_PODFILE_DIR_PATH}/Podfile.lock\" \"${PODS_ROOT}/Manifest.lock\" > /dev/null\nif [ $? != 0 ] ; then\n    # print error to STDERR\n    echo \"error: The sandbox is not in sync with the Podfile.lock. Run 'pod install' or update your CocoaPods installation.\" >&2\n    exit 1\nfi\n# This output is used by Xcode 'outputs' to avoid re-running this script phase.\necho \"SUCCESS\" > \"${SCRIPT_OUTPUT_FILE_0}\"\n";
			showEnvVarsInLog = 0;
		};
/* End PBXShellScriptBuildPhase section */

/* Begin PBXSourcesBuildPhase section */
		2CD91784244B16D100DB055C /* Sources */ = {
			isa = PBXSourcesBuildPhase;
			buildActionMask = 2147483647;
			files = (
				2C72C1DE2467445A00A8AC47 /* ButtonWithExtendedArea.swift in Sources */,
				2C72C1C9246735D100A8AC47 /* SpaceViewController.swift in Sources */,
				0DBB2A0F24759AA70037C046 /* ABIType.swift in Sources */,
				2CAAB1922479ABB000C297B8 /* EnterNameViewController.swift in Sources */,
				2CAAB198247ABE2700C297B8 /* GameViewController.swift in Sources */,
				2C72C1C5246734A900A8AC47 /* CreateSpaceViewController.swift in Sources */,
				2C72C1D52467436600A8AC47 /* UIView.swift in Sources */,
				0DBB2A1124759ACF0037C046 /* ABIDecoder.swift in Sources */,
				2C72C1C7246734CA00A8AC47 /* JoinSpaceViewController.swift in Sources */,
				2C72C1BF2466E4BD00A8AC47 /* EnterKeyViewController.swift in Sources */,
				2C72C1D22467431600A8AC47 /* UIViewController.swift in Sources */,
				2C72C1D72467438500A8AC47 /* UICollectionView.swift in Sources */,
				0D6FAC432472C7A300C94214 /* ContractInteractor.swift in Sources */,
				2C72C1DB246743E300A8AC47 /* Images.swift in Sources */,
				2C72C1C32467345100A8AC47 /* EnterKahootViewController.swift in Sources */,
				2C72C1D024673A6C00A8AC47 /* NetworkService.swift in Sources */,
				2CA0E46A2470513700D1BB52 /* Defaults.swift in Sources */,
				2C72C1CD2467370D00A8AC47 /* Ethereum.swift in Sources */,
				2C72C1E02467448F00A8AC47 /* MessageView.swift in Sources */,
				2C72C1D92467439C00A8AC47 /* UITableView.swift in Sources */,
				2CAAB1942479E37200C297B8 /* UIButton.swift in Sources */,
				2CD9178C244B16D100DB055C /* AppDelegate.swift in Sources */,
				2CD9178E244B16D100DB055C /* SceneDelegate.swift in Sources */,
			);
			runOnlyForDeploymentPostprocessing = 0;
		};
/* End PBXSourcesBuildPhase section */

/* Begin PBXVariantGroup section */
		2CD91791244B16D100DB055C /* Main.storyboard */ = {
			isa = PBXVariantGroup;
			children = (
				2CD91792244B16D100DB055C /* Base */,
			);
			name = Main.storyboard;
			sourceTree = "<group>";
		};
		2CD91796244B16D300DB055C /* LaunchScreen.storyboard */ = {
			isa = PBXVariantGroup;
			children = (
				2CD91797244B16D300DB055C /* Base */,
			);
			name = LaunchScreen.storyboard;
			sourceTree = "<group>";
		};
/* End PBXVariantGroup section */

/* Begin XCBuildConfiguration section */
		2CD9179A244B16D300DB055C /* Debug */ = {
			isa = XCBuildConfiguration;
			buildSettings = {
				ALWAYS_SEARCH_USER_PATHS = NO;
				CLANG_ANALYZER_NONNULL = YES;
				CLANG_ANALYZER_NUMBER_OBJECT_CONVERSION = YES_AGGRESSIVE;
				CLANG_CXX_LANGUAGE_STANDARD = "gnu++14";
				CLANG_CXX_LIBRARY = "libc++";
				CLANG_ENABLE_MODULES = YES;
				CLANG_ENABLE_OBJC_ARC = YES;
				CLANG_ENABLE_OBJC_WEAK = YES;
				CLANG_WARN_BLOCK_CAPTURE_AUTORELEASING = YES;
				CLANG_WARN_BOOL_CONVERSION = YES;
				CLANG_WARN_COMMA = YES;
				CLANG_WARN_CONSTANT_CONVERSION = YES;
				CLANG_WARN_DEPRECATED_OBJC_IMPLEMENTATIONS = YES;
				CLANG_WARN_DIRECT_OBJC_ISA_USAGE = YES_ERROR;
				CLANG_WARN_DOCUMENTATION_COMMENTS = YES;
				CLANG_WARN_EMPTY_BODY = YES;
				CLANG_WARN_ENUM_CONVERSION = YES;
				CLANG_WARN_INFINITE_RECURSION = YES;
				CLANG_WARN_INT_CONVERSION = YES;
				CLANG_WARN_NON_LITERAL_NULL_CONVERSION = YES;
				CLANG_WARN_OBJC_IMPLICIT_RETAIN_SELF = YES;
				CLANG_WARN_OBJC_LITERAL_CONVERSION = YES;
				CLANG_WARN_OBJC_ROOT_CLASS = YES_ERROR;
				CLANG_WARN_RANGE_LOOP_ANALYSIS = YES;
				CLANG_WARN_STRICT_PROTOTYPES = YES;
				CLANG_WARN_SUSPICIOUS_MOVE = YES;
				CLANG_WARN_UNGUARDED_AVAILABILITY = YES_AGGRESSIVE;
				CLANG_WARN_UNREACHABLE_CODE = YES;
				CLANG_WARN__DUPLICATE_METHOD_MATCH = YES;
				COPY_PHASE_STRIP = NO;
				DEBUG_INFORMATION_FORMAT = dwarf;
				ENABLE_STRICT_OBJC_MSGSEND = YES;
				ENABLE_TESTABILITY = YES;
				GCC_C_LANGUAGE_STANDARD = gnu11;
				GCC_DYNAMIC_NO_PIC = NO;
				GCC_NO_COMMON_BLOCKS = YES;
				GCC_OPTIMIZATION_LEVEL = 0;
				GCC_PREPROCESSOR_DEFINITIONS = (
					"DEBUG=1",
					"$(inherited)",
				);
				GCC_WARN_64_TO_32_BIT_CONVERSION = YES;
				GCC_WARN_ABOUT_RETURN_TYPE = YES_ERROR;
				GCC_WARN_UNDECLARED_SELECTOR = YES;
				GCC_WARN_UNINITIALIZED_AUTOS = YES_AGGRESSIVE;
				GCC_WARN_UNUSED_FUNCTION = YES;
				GCC_WARN_UNUSED_VARIABLE = YES;
				IPHONEOS_DEPLOYMENT_TARGET = 13.0;
				MTL_ENABLE_DEBUG_INFO = INCLUDE_SOURCE;
				MTL_FAST_MATH = YES;
				ONLY_ACTIVE_ARCH = YES;
				SDKROOT = iphoneos;
				SWIFT_ACTIVE_COMPILATION_CONDITIONS = DEBUG;
				SWIFT_OPTIMIZATION_LEVEL = "-Onone";
			};
			name = Debug;
		};
		2CD9179B244B16D300DB055C /* Release */ = {
			isa = XCBuildConfiguration;
			buildSettings = {
				ALWAYS_SEARCH_USER_PATHS = NO;
				CLANG_ANALYZER_NONNULL = YES;
				CLANG_ANALYZER_NUMBER_OBJECT_CONVERSION = YES_AGGRESSIVE;
				CLANG_CXX_LANGUAGE_STANDARD = "gnu++14";
				CLANG_CXX_LIBRARY = "libc++";
				CLANG_ENABLE_MODULES = YES;
				CLANG_ENABLE_OBJC_ARC = YES;
				CLANG_ENABLE_OBJC_WEAK = YES;
				CLANG_WARN_BLOCK_CAPTURE_AUTORELEASING = YES;
				CLANG_WARN_BOOL_CONVERSION = YES;
				CLANG_WARN_COMMA = YES;
				CLANG_WARN_CONSTANT_CONVERSION = YES;
				CLANG_WARN_DEPRECATED_OBJC_IMPLEMENTATIONS = YES;
				CLANG_WARN_DIRECT_OBJC_ISA_USAGE = YES_ERROR;
				CLANG_WARN_DOCUMENTATION_COMMENTS = YES;
				CLANG_WARN_EMPTY_BODY = YES;
				CLANG_WARN_ENUM_CONVERSION = YES;
				CLANG_WARN_INFINITE_RECURSION = YES;
				CLANG_WARN_INT_CONVERSION = YES;
				CLANG_WARN_NON_LITERAL_NULL_CONVERSION = YES;
				CLANG_WARN_OBJC_IMPLICIT_RETAIN_SELF = YES;
				CLANG_WARN_OBJC_LITERAL_CONVERSION = YES;
				CLANG_WARN_OBJC_ROOT_CLASS = YES_ERROR;
				CLANG_WARN_RANGE_LOOP_ANALYSIS = YES;
				CLANG_WARN_STRICT_PROTOTYPES = YES;
				CLANG_WARN_SUSPICIOUS_MOVE = YES;
				CLANG_WARN_UNGUARDED_AVAILABILITY = YES_AGGRESSIVE;
				CLANG_WARN_UNREACHABLE_CODE = YES;
				CLANG_WARN__DUPLICATE_METHOD_MATCH = YES;
				COPY_PHASE_STRIP = NO;
				DEBUG_INFORMATION_FORMAT = "dwarf-with-dsym";
				ENABLE_NS_ASSERTIONS = NO;
				ENABLE_STRICT_OBJC_MSGSEND = YES;
				GCC_C_LANGUAGE_STANDARD = gnu11;
				GCC_NO_COMMON_BLOCKS = YES;
				GCC_WARN_64_TO_32_BIT_CONVERSION = YES;
				GCC_WARN_ABOUT_RETURN_TYPE = YES_ERROR;
				GCC_WARN_UNDECLARED_SELECTOR = YES;
				GCC_WARN_UNINITIALIZED_AUTOS = YES_AGGRESSIVE;
				GCC_WARN_UNUSED_FUNCTION = YES;
				GCC_WARN_UNUSED_VARIABLE = YES;
				IPHONEOS_DEPLOYMENT_TARGET = 13.0;
				MTL_ENABLE_DEBUG_INFO = NO;
				MTL_FAST_MATH = YES;
				SDKROOT = iphoneos;
				SWIFT_COMPILATION_MODE = wholemodule;
				SWIFT_OPTIMIZATION_LEVEL = "-O";
				VALIDATE_PRODUCT = YES;
			};
			name = Release;
		};
		2CD9179D244B16D300DB055C /* Debug */ = {
			isa = XCBuildConfiguration;
			baseConfigurationReference = B81400D8FD20AD52F8C50F6C /* Pods-cryptospace.debug.xcconfig */;
			buildSettings = {
				ASSETCATALOG_COMPILER_APPICON_NAME = AppIcon;
				CODE_SIGN_STYLE = Automatic;
				DEVELOPMENT_TEAM = 8DXC3N7E7P;
				INFOPLIST_FILE = cryptospace/Info.plist;
				LD_RUNPATH_SEARCH_PATHS = (
					"$(inherited)",
					"@executable_path/Frameworks",
				);
				PRODUCT_BUNDLE_IDENTIFIER = com.grachyov.cryptospace;
				PRODUCT_NAME = "$(TARGET_NAME)";
				SWIFT_VERSION = 5.0;
				TARGETED_DEVICE_FAMILY = 1;
			};
			name = Debug;
		};
		2CD9179E244B16D300DB055C /* Release */ = {
			isa = XCBuildConfiguration;
			baseConfigurationReference = ABF70F56E9982EC763E145CB /* Pods-cryptospace.release.xcconfig */;
			buildSettings = {
				ASSETCATALOG_COMPILER_APPICON_NAME = AppIcon;
				CODE_SIGN_STYLE = Automatic;
				DEVELOPMENT_TEAM = 8DXC3N7E7P;
				INFOPLIST_FILE = cryptospace/Info.plist;
				LD_RUNPATH_SEARCH_PATHS = (
					"$(inherited)",
					"@executable_path/Frameworks",
				);
				PRODUCT_BUNDLE_IDENTIFIER = com.grachyov.cryptospace;
				PRODUCT_NAME = "$(TARGET_NAME)";
				SWIFT_VERSION = 5.0;
				TARGETED_DEVICE_FAMILY = 1;
			};
			name = Release;
		};
/* End XCBuildConfiguration section */

/* Begin XCConfigurationList section */
		2CD91783244B16D100DB055C /* Build configuration list for PBXProject "cryptospace" */ = {
			isa = XCConfigurationList;
			buildConfigurations = (
				2CD9179A244B16D300DB055C /* Debug */,
				2CD9179B244B16D300DB055C /* Release */,
			);
			defaultConfigurationIsVisible = 0;
			defaultConfigurationName = Release;
		};
		2CD9179C244B16D300DB055C /* Build configuration list for PBXNativeTarget "cryptospace" */ = {
			isa = XCConfigurationList;
			buildConfigurations = (
				2CD9179D244B16D300DB055C /* Debug */,
				2CD9179E244B16D300DB055C /* Release */,
			);
			defaultConfigurationIsVisible = 0;
			defaultConfigurationName = Release;
		};
/* End XCConfigurationList section */
	};
	rootObject = 2CD91780244B16D100DB055C /* Project object */;
}
